// !$*UTF8*$!
{
	archiveVersion = 1;
	classes = {
	};
	objectVersion = 50;
	objects = {

/* Begin PBXBuildFile section */
		3935584D2570792800974ECD /* SubscriptionDetailView.swift in Sources */ = {isa = PBXBuildFile; fileRef = 3935584C2570792800974ECD /* SubscriptionDetailView.swift */; };
		399AD2E625706F9300AFA10A /* Billing_TrackerApp.swift in Sources */ = {isa = PBXBuildFile; fileRef = 399AD2E525706F9300AFA10A /* Billing_TrackerApp.swift */; };
		399AD2E825706F9300AFA10A /* HomeTabView.swift in Sources */ = {isa = PBXBuildFile; fileRef = 399AD2E725706F9300AFA10A /* HomeTabView.swift */; };
		399AD2EA25706F9400AFA10A /* Assets.xcassets in Resources */ = {isa = PBXBuildFile; fileRef = 399AD2E925706F9400AFA10A /* Assets.xcassets */; };
		399AD2ED25706F9400AFA10A /* Preview Assets.xcassets in Resources */ = {isa = PBXBuildFile; fileRef = 399AD2EC25706F9400AFA10A /* Preview Assets.xcassets */; };
		399AD2F62570724B00AFA10A /* SubscriptionView.swift in Sources */ = {isa = PBXBuildFile; fileRef = 399AD2F52570724B00AFA10A /* SubscriptionView.swift */; };
/* End PBXBuildFile section */

/* Begin PBXFileReference section */
		3935584C2570792800974ECD /* SubscriptionDetailView.swift */ = {isa = PBXFileReference; lastKnownFileType = sourcecode.swift; path = SubscriptionDetailView.swift; sourceTree = "<group>"; };
		399AD2E225706F9300AFA10A /* Billing-Tracker.app */ = {isa = PBXFileReference; explicitFileType = wrapper.application; includeInIndex = 0; path = "Billing-Tracker.app"; sourceTree = BUILT_PRODUCTS_DIR; };
		399AD2E525706F9300AFA10A /* Billing_TrackerApp.swift */ = {isa = PBXFileReference; lastKnownFileType = sourcecode.swift; path = Billing_TrackerApp.swift; sourceTree = "<group>"; };
		399AD2E725706F9300AFA10A /* HomeTabView.swift */ = {isa = PBXFileReference; lastKnownFileType = sourcecode.swift; path = HomeTabView.swift; sourceTree = "<group>"; };
		399AD2E925706F9400AFA10A /* Assets.xcassets */ = {isa = PBXFileReference; lastKnownFileType = folder.assetcatalog; path = Assets.xcassets; sourceTree = "<group>"; };
		399AD2EC25706F9400AFA10A /* Preview Assets.xcassets */ = {isa = PBXFileReference; lastKnownFileType = folder.assetcatalog; path = "Preview Assets.xcassets"; sourceTree = "<group>"; };
		399AD2EE25706F9400AFA10A /* Info.plist */ = {isa = PBXFileReference; lastKnownFileType = text.plist.xml; path = Info.plist; sourceTree = "<group>"; };
		399AD2F52570724B00AFA10A /* SubscriptionView.swift */ = {isa = PBXFileReference; lastKnownFileType = sourcecode.swift; path = SubscriptionView.swift; sourceTree = "<group>"; };
/* End PBXFileReference section */

/* Begin PBXFrameworksBuildPhase section */
		399AD2DF25706F9300AFA10A /* Frameworks */ = {
			isa = PBXFrameworksBuildPhase;
			buildActionMask = 2147483647;
			files = (
			);
			runOnlyForDeploymentPostprocessing = 0;
		};
/* End PBXFrameworksBuildPhase section */

/* Begin PBXGroup section */
		399AD2D925706F9300AFA10A = {
			isa = PBXGroup;
			children = (
				399AD2E425706F9300AFA10A /* Billing-Tracker */,
				399AD2E325706F9300AFA10A /* Products */,
			);
			sourceTree = "<group>";
		};
		399AD2E325706F9300AFA10A /* Products */ = {
			isa = PBXGroup;
			children = (
				399AD2E225706F9300AFA10A /* Billing-Tracker.app */,
			);
			name = Products;
			sourceTree = "<group>";
		};
		399AD2E425706F9300AFA10A /* Billing-Tracker */ = {
			isa = PBXGroup;
			children = (
				399AD2F52570724B00AFA10A /* SubscriptionView.swift */,
				3935584C2570792800974ECD /* SubscriptionDetailView.swift */,
				399AD2E725706F9300AFA10A /* HomeTabView.swift */,
				399AD2E925706F9400AFA10A /* Assets.xcassets */,
				399AD2EE25706F9400AFA10A /* Info.plist */,
				399AD2E525706F9300AFA10A /* Billing_TrackerApp.swift */,
				399AD2EB25706F9400AFA10A /* Preview Content */,
			);
			path = "Billing-Tracker";
			sourceTree = "<group>";
		};
		399AD2EB25706F9400AFA10A /* Preview Content */ = {
			isa = PBXGroup;
			children = (
				399AD2EC25706F9400AFA10A /* Preview Assets.xcassets */,
			);
			path = "Preview Content";
			sourceTree = "<group>";
		};
/* End PBXGroup section */

/* Begin PBXNativeTarget section */
		399AD2E125706F9300AFA10A /* Billing-Tracker */ = {
			isa = PBXNativeTarget;
			buildConfigurationList = 399AD2F125706F9400AFA10A /* Build configuration list for PBXNativeTarget "Billing-Tracker" */;
			buildPhases = (
				399AD2DE25706F9300AFA10A /* Sources */,
				399AD2DF25706F9300AFA10A /* Frameworks */,
				399AD2E025706F9300AFA10A /* Resources */,
			);
			buildRules = (
			);
			dependencies = (
			);
			name = "Billing-Tracker";
			productName = "Billing-Tracker";
			productReference = 399AD2E225706F9300AFA10A /* Billing-Tracker.app */;
			productType = "com.apple.product-type.application";
		};
/* End PBXNativeTarget section */

/* Begin PBXProject section */
		399AD2DA25706F9300AFA10A /* Project object */ = {
			isa = PBXProject;
			attributes = {
				LastSwiftUpdateCheck = 1220;
				LastUpgradeCheck = 1220;
				TargetAttributes = {
					399AD2E125706F9300AFA10A = {
						CreatedOnToolsVersion = 12.2;
					};
				};
			};
			buildConfigurationList = 399AD2DD25706F9300AFA10A /* Build configuration list for PBXProject "Billing-Tracker" */;
			compatibilityVersion = "Xcode 9.3";
			developmentRegion = en;
			hasScannedForEncodings = 0;
			knownRegions = (
				en,
				Base,
			);
			mainGroup = 399AD2D925706F9300AFA10A;
			productRefGroup = 399AD2E325706F9300AFA10A /* Products */;
			projectDirPath = "";
			projectRoot = "";
			targets = (
				399AD2E125706F9300AFA10A /* Billing-Tracker */,
			);
		};
/* End PBXProject section */

/* Begin PBXResourcesBuildPhase section */
		399AD2E025706F9300AFA10A /* Resources */ = {
			isa = PBXResourcesBuildPhase;
			buildActionMask = 2147483647;
			files = (
				399AD2ED25706F9400AFA10A /* Preview Assets.xcassets in Resources */,
				399AD2EA25706F9400AFA10A /* Assets.xcassets in Resources */,
			);
			runOnlyForDeploymentPostprocessing = 0;
		};
/* End PBXResourcesBuildPhase section */

/* Begin PBXSourcesBuildPhase section */
		399AD2DE25706F9300AFA10A /* Sources */ = {
			isa = PBXSourcesBuildPhase;
			buildActionMask = 2147483647;
			files = (
				399AD2E825706F9300AFA10A /* HomeTabView.swift in Sources */,
				399AD2F62570724B00AFA10A /* SubscriptionView.swift in Sources */,
				3935584D2570792800974ECD /* SubscriptionDetailView.swift in Sources */,
				399AD2E625706F9300AFA10A /* Billing_TrackerApp.swift in Sources */,
			);
			runOnlyForDeploymentPostprocessing = 0;
		};
/* End PBXSourcesBuildPhase section */

/* Begin XCBuildConfiguration section */
		399AD2EF25706F9400AFA10A /* Debug */ = {
			isa = XCBuildConfiguration;
			buildSettings = {
				ALWAYS_SEARCH_USER_PATHS = NO;
				CLANG_ANALYZER_NONNULL = YES;
				CLANG_ANALYZER_NUMBER_OBJECT_CONVERSION = YES_AGGRESSIVE;
				CLANG_CXX_LANGUAGE_STANDARD = "gnu++14";
				CLANG_CXX_LIBRARY = "libc++";
				CLANG_ENABLE_MODULES = YES;
				CLANG_ENABLE_OBJC_ARC = YES;
				CLANG_ENABLE_OBJC_WEAK = YES;
				CLANG_WARN_BLOCK_CAPTURE_AUTORELEASING = YES;
				CLANG_WARN_BOOL_CONVERSION = YES;
				CLANG_WARN_COMMA = YES;
				CLANG_WARN_CONSTANT_CONVERSION = YES;
				CLANG_WARN_DEPRECATED_OBJC_IMPLEMENTATIONS = YES;
				CLANG_WARN_DIRECT_OBJC_ISA_USAGE = YES_ERROR;
				CLANG_WARN_DOCUMENTATION_COMMENTS = YES;
				CLANG_WARN_EMPTY_BODY = YES;
				CLANG_WARN_ENUM_CONVERSION = YES;
				CLANG_WARN_INFINITE_RECURSION = YES;
				CLANG_WARN_INT_CONVERSION = YES;
				CLANG_WARN_NON_LITERAL_NULL_CONVERSION = YES;
				CLANG_WARN_OBJC_IMPLICIT_RETAIN_SELF = YES;
				CLANG_WARN_OBJC_LITERAL_CONVERSION = YES;
				CLANG_WARN_OBJC_ROOT_CLASS = YES_ERROR;
				CLANG_WARN_QUOTED_INCLUDE_IN_FRAMEWORK_HEADER = YES;
				CLANG_WARN_RANGE_LOOP_ANALYSIS = YES;
				CLANG_WARN_STRICT_PROTOTYPES = YES;
				CLANG_WARN_SUSPICIOUS_MOVE = YES;
				CLANG_WARN_UNGUARDED_AVAILABILITY = YES_AGGRESSIVE;
				CLANG_WARN_UNREACHABLE_CODE = YES;
				CLANG_WARN__DUPLICATE_METHOD_MATCH = YES;
				COPY_PHASE_STRIP = NO;
				DEBUG_INFORMATION_FORMAT = dwarf;
				ENABLE_STRICT_OBJC_MSGSEND = YES;
				ENABLE_TESTABILITY = YES;
				GCC_C_LANGUAGE_STANDARD = gnu11;
				GCC_DYNAMIC_NO_PIC = NO;
				GCC_NO_COMMON_BLOCKS = YES;
				GCC_OPTIMIZATION_LEVEL = 0;
				GCC_PREPROCESSOR_DEFINITIONS = (
					"DEBUG=1",
					"$(inherited)",
				);
				GCC_WARN_64_TO_32_BIT_CONVERSION = YES;
				GCC_WARN_ABOUT_RETURN_TYPE = YES_ERROR;
				GCC_WARN_UNDECLARED_SELECTOR = YES;
				GCC_WARN_UNINITIALIZED_AUTOS = YES_AGGRESSIVE;
				GCC_WARN_UNUSED_FUNCTION = YES;
				GCC_WARN_UNUSED_VARIABLE = YES;
				IPHONEOS_DEPLOYMENT_TARGET = 14.2;
				MTL_ENABLE_DEBUG_INFO = INCLUDE_SOURCE;
				MTL_FAST_MATH = YES;
				ONLY_ACTIVE_ARCH = YES;
				SDKROOT = iphoneos;
				SWIFT_ACTIVE_COMPILATION_CONDITIONS = DEBUG;
				SWIFT_OPTIMIZATION_LEVEL = "-Onone";
			};
			name = Debug;
		};
		399AD2F025706F9400AFA10A /* Release */ = {
			isa = XCBuildConfiguration;
			buildSettings = {
				ALWAYS_SEARCH_USER_PATHS = NO;
				CLANG_ANALYZER_NONNULL = YES;
				CLANG_ANALYZER_NUMBER_OBJECT_CONVERSION = YES_AGGRESSIVE;
				CLANG_CXX_LANGUAGE_STANDARD = "gnu++14";
				CLANG_CXX_LIBRARY = "libc++";
				CLANG_ENABLE_MODULES = YES;
				CLANG_ENABLE_OBJC_ARC = YES;
				CLANG_ENABLE_OBJC_WEAK = YES;
				CLANG_WARN_BLOCK_CAPTURE_AUTORELEASING = YES;
				CLANG_WARN_BOOL_CONVERSION = YES;
				CLANG_WARN_COMMA = YES;
				CLANG_WARN_CONSTANT_CONVERSION = YES;
				CLANG_WARN_DEPRECATED_OBJC_IMPLEMENTATIONS = YES;
				CLANG_WARN_DIRECT_OBJC_ISA_USAGE = YES_ERROR;
				CLANG_WARN_DOCUMENTATION_COMMENTS = YES;
				CLANG_WARN_EMPTY_BODY = YES;
				CLANG_WARN_ENUM_CONVERSION = YES;
				CLANG_WARN_INFINITE_RECURSION = YES;
				CLANG_WARN_INT_CONVERSION = YES;
				CLANG_WARN_NON_LITERAL_NULL_CONVERSION = YES;
				CLANG_WARN_OBJC_IMPLICIT_RETAIN_SELF = YES;
				CLANG_WARN_OBJC_LITERAL_CONVERSION = YES;
				CLANG_WARN_OBJC_ROOT_CLASS = YES_ERROR;
				CLANG_WARN_QUOTED_INCLUDE_IN_FRAMEWORK_HEADER = YES;
				CLANG_WARN_RANGE_LOOP_ANALYSIS = YES;
				CLANG_WARN_STRICT_PROTOTYPES = YES;
				CLANG_WARN_SUSPICIOUS_MOVE = YES;
				CLANG_WARN_UNGUARDED_AVAILABILITY = YES_AGGRESSIVE;
				CLANG_WARN_UNREACHABLE_CODE = YES;
				CLANG_WARN__DUPLICATE_METHOD_MATCH = YES;
				COPY_PHASE_STRIP = NO;
				DEBUG_INFORMATION_FORMAT = "dwarf-with-dsym";
				ENABLE_NS_ASSERTIONS = NO;
				ENABLE_STRICT_OBJC_MSGSEND = YES;
				GCC_C_LANGUAGE_STANDARD = gnu11;
				GCC_NO_COMMON_BLOCKS = YES;
				GCC_WARN_64_TO_32_BIT_CONVERSION = YES;
				GCC_WARN_ABOUT_RETURN_TYPE = YES_ERROR;
				GCC_WARN_UNDECLARED_SELECTOR = YES;
				GCC_WARN_UNINITIALIZED_AUTOS = YES_AGGRESSIVE;
				GCC_WARN_UNUSED_FUNCTION = YES;
				GCC_WARN_UNUSED_VARIABLE = YES;
				IPHONEOS_DEPLOYMENT_TARGET = 14.2;
				MTL_ENABLE_DEBUG_INFO = NO;
				MTL_FAST_MATH = YES;
				SDKROOT = iphoneos;
				SWIFT_COMPILATION_MODE = wholemodule;
				SWIFT_OPTIMIZATION_LEVEL = "-O";
				VALIDATE_PRODUCT = YES;
			};
			name = Release;
		};
		399AD2F225706F9400AFA10A /* Debug */ = {
			isa = XCBuildConfiguration;
			buildSettings = {
				ASSETCATALOG_COMPILER_APPICON_NAME = AppIcon;
				ASSETCATALOG_COMPILER_GLOBAL_ACCENT_COLOR_NAME = AccentColor;
				CODE_SIGN_STYLE = Automatic;
				DEVELOPMENT_ASSET_PATHS = "\"Billing-Tracker/Preview Content\"";
				DEVELOPMENT_TEAM = 9N2KB3Z455;
				ENABLE_PREVIEWS = YES;
				INFOPLIST_FILE = "Billing-Tracker/Info.plist";
				IPHONEOS_DEPLOYMENT_TARGET = 14.0;
				LD_RUNPATH_SEARCH_PATHS = (
					"$(inherited)",
					"@executable_path/Frameworks",
				);
				PRODUCT_BUNDLE_IDENTIFIER = "com.nawaf.Billing-Tracker";
				PRODUCT_NAME = "$(TARGET_NAME)";
				SWIFT_VERSION = 5.0;
				TARGETED_DEVICE_FAMILY = "1,2";
			};
			name = Debug;
		};
		399AD2F325706F9400AFA10A /* Release */ = {
			isa = XCBuildConfiguration;
			buildSettings = {
				ASSETCATALOG_COMPILER_APPICON_NAME = AppIcon;
				ASSETCATALOG_COMPILER_GLOBAL_ACCENT_COLOR_NAME = AccentColor;
				CODE_SIGN_STYLE = Automatic;
				DEVELOPMENT_ASSET_PATHS = "\"Billing-Tracker/Preview Content\"";
				DEVELOPMENT_TEAM = 9N2KB3Z455;
				ENABLE_PREVIEWS = YES;
				INFOPLIST_FILE = "Billing-Tracker/Info.plist";
				IPHONEOS_DEPLOYMENT_TARGET = 14.0;
				LD_RUNPATH_SEARCH_PATHS = (
					"$(inherited)",
					"@executable_path/Frameworks",
				);
				PRODUCT_BUNDLE_IDENTIFIER = "com.nawaf.Billing-Tracker";
				PRODUCT_NAME = "$(TARGET_NAME)";
				SWIFT_VERSION = 5.0;
				TARGETED_DEVICE_FAMILY = "1,2";
			};
			name = Release;
		};
/* End XCBuildConfiguration section */

/* Begin XCConfigurationList section */
		399AD2DD25706F9300AFA10A /* Build configuration list for PBXProject "Billing-Tracker" */ = {
			isa = XCConfigurationList;
			buildConfigurations = (
				399AD2EF25706F9400AFA10A /* Debug */,
				399AD2F025706F9400AFA10A /* Release */,
			);
			defaultConfigurationIsVisible = 0;
			defaultConfigurationName = Release;
		};
		399AD2F125706F9400AFA10A /* Build configuration list for PBXNativeTarget "Billing-Tracker" */ = {
			isa = XCConfigurationList;
			buildConfigurations = (
				399AD2F225706F9400AFA10A /* Debug */,
				399AD2F325706F9400AFA10A /* Release */,
			);
			defaultConfigurationIsVisible = 0;
			defaultConfigurationName = Release;
		};
/* End XCConfigurationList section */
	};
	rootObject = 399AD2DA25706F9300AFA10A /* Project object */;
}
